
Microsoft Visual Studio Solution File, Format Version 12.00
# Visual Studio Version 16
VisualStudioVersion = 16.0.29424.173
MinimumVisualStudioVersion = 10.0.40219.1
Project("{FAE04EC0-301F-11D3-BF4B-00C04F79EFBC}") = "addressbook-web-tests1", "addressbook-web-tests1\addressbook-web-tests1.csproj", "{36522625-8E63-41DD-A94E-4A66BB9DF108}"
EndProject
Global
	GlobalSection(SolutionConfigurationPlatforms) = preSolution
		Debug|Any CPU = Debug|Any CPU
		Release|Any CPU = Release|Any CPU
	EndGlobalSection
	GlobalSection(ProjectConfigurationPlatforms) = postSolution
		{36522625-8E63-41DD-A94E-4A66BB9DF108}.Debug|Any CPU.ActiveCfg = Debug|Any CPU
		{36522625-8E63-41DD-A94E-4A66BB9DF108}.Debug|Any CPU.Build.0 = Debug|Any CPU
		{36522625-8E63-41DD-A94E-4A66BB9DF108}.Release|Any CPU.ActiveCfg = Release|Any CPU
		{36522625-8E63-41DD-A94E-4A66BB9DF108}.Release|Any CPU.Build.0 = Release|Any CPU
	EndGlobalSection
	GlobalSection(SolutionProperties) = preSolution
		HideSolutionNode = FALSE
	EndGlobalSection
	GlobalSection(ExtensibilityGlobals) = postSolution
		SolutionGuid = {80DB2DA6-90F7-4926-AD2C-6A9FE98325D2}
	EndGlobalSection
EndGlobal
